// !$*UTF8*$!
{
	archiveVersion = 1;
	classes = {
	};
	objectVersion = 48;
	objects = {

/* Begin PBXBuildFile section */
		9AC8BE54203B067600CCC7B8 /* PopupTextFieldView.xib in Resources */ = {isa = PBXBuildFile; fileRef = 9AC8BE53203B067600CCC7B8 /* PopupTextFieldView.xib */; };
		9AE402882030852800C33404 /* AppDelegate.swift in Sources */ = {isa = PBXBuildFile; fileRef = 9AE402872030852800C33404 /* AppDelegate.swift */; };
		9AE4028A2030852800C33404 /* ListsViewController.swift in Sources */ = {isa = PBXBuildFile; fileRef = 9AE402892030852800C33404 /* ListsViewController.swift */; };
		9AE4028C2030852800C33404 /* ListViewController.swift in Sources */ = {isa = PBXBuildFile; fileRef = 9AE4028B2030852800C33404 /* ListViewController.swift */; };
		9AE4028F2030852800C33404 /* Main.storyboard in Resources */ = {isa = PBXBuildFile; fileRef = 9AE4028D2030852800C33404 /* Main.storyboard */; };
		9AE402912030852800C33404 /* Assets.xcassets in Resources */ = {isa = PBXBuildFile; fileRef = 9AE402902030852800C33404 /* Assets.xcassets */; };
		9AE402942030852800C33404 /* LaunchScreen.storyboard in Resources */ = {isa = PBXBuildFile; fileRef = 9AE402922030852800C33404 /* LaunchScreen.storyboard */; };
		9AE4029C2030895F00C33404 /* ListModels.swift in Sources */ = {isa = PBXBuildFile; fileRef = 9AE4029B2030895F00C33404 /* ListModels.swift */; };
		9AE4029E20308A5D00C33404 /* ListStore.swift in Sources */ = {isa = PBXBuildFile; fileRef = 9AE4029D20308A5D00C33404 /* ListStore.swift */; };
		9AE402A02035B2CC00C33404 /* PopupTextFieldView.swift in Sources */ = {isa = PBXBuildFile; fileRef = 9AE4029F2035B2CC00C33404 /* PopupTextFieldView.swift */; };
/* End PBXBuildFile section */

/* Begin PBXFileReference section */
		9AC8BE53203B067600CCC7B8 /* PopupTextFieldView.xib */ = {isa = PBXFileReference; lastKnownFileType = file.xib; path = PopupTextFieldView.xib; sourceTree = "<group>"; };
		9AE402842030852800C33404 /* ListOMat.app */ = {isa = PBXFileReference; explicitFileType = wrapper.application; includeInIndex = 0; path = ListOMat.app; sourceTree = BUILT_PRODUCTS_DIR; };
		9AE402872030852800C33404 /* AppDelegate.swift */ = {isa = PBXFileReference; lastKnownFileType = sourcecode.swift; path = AppDelegate.swift; sourceTree = "<group>"; };
		9AE402892030852800C33404 /* ListsViewController.swift */ = {isa = PBXFileReference; lastKnownFileType = sourcecode.swift; path = ListsViewController.swift; sourceTree = "<group>"; };
		9AE4028B2030852800C33404 /* ListViewController.swift */ = {isa = PBXFileReference; lastKnownFileType = sourcecode.swift; path = ListViewController.swift; sourceTree = "<group>"; };
		9AE4028E2030852800C33404 /* Base */ = {isa = PBXFileReference; lastKnownFileType = file.storyboard; name = Base; path = Base.lproj/Main.storyboard; sourceTree = "<group>"; };
		9AE402902030852800C33404 /* Assets.xcassets */ = {isa = PBXFileReference; lastKnownFileType = folder.assetcatalog; path = Assets.xcassets; sourceTree = "<group>"; };
		9AE402932030852800C33404 /* Base */ = {isa = PBXFileReference; lastKnownFileType = file.storyboard; name = Base; path = Base.lproj/LaunchScreen.storyboard; sourceTree = "<group>"; };
		9AE402952030852800C33404 /* Info.plist */ = {isa = PBXFileReference; lastKnownFileType = text.plist.xml; path = Info.plist; sourceTree = "<group>"; };
		9AE4029B2030895F00C33404 /* ListModels.swift */ = {isa = PBXFileReference; lastKnownFileType = sourcecode.swift; path = ListModels.swift; sourceTree = "<group>"; };
		9AE4029D20308A5D00C33404 /* ListStore.swift */ = {isa = PBXFileReference; lastKnownFileType = sourcecode.swift; path = ListStore.swift; sourceTree = "<group>"; };
		9AE4029F2035B2CC00C33404 /* PopupTextFieldView.swift */ = {isa = PBXFileReference; lastKnownFileType = sourcecode.swift; path = PopupTextFieldView.swift; sourceTree = "<group>"; };
/* End PBXFileReference section */

/* Begin PBXFrameworksBuildPhase section */
		9AE402812030852800C33404 /* Frameworks */ = {
			isa = PBXFrameworksBuildPhase;
			buildActionMask = 2147483647;
			files = (
			);
			runOnlyForDeploymentPostprocessing = 0;
		};
/* End PBXFrameworksBuildPhase section */

/* Begin PBXGroup section */
		9AE4027B2030852700C33404 = {
			isa = PBXGroup;
			children = (
				9AE402862030852800C33404 /* ListOMat */,
				9AE402852030852800C33404 /* Products */,
			);
			sourceTree = "<group>";
		};
		9AE402852030852800C33404 /* Products */ = {
			isa = PBXGroup;
			children = (
				9AE402842030852800C33404 /* ListOMat.app */,
			);
			name = Products;
			sourceTree = "<group>";
		};
		9AE402862030852800C33404 /* ListOMat */ = {
			isa = PBXGroup;
			children = (
				9AE402872030852800C33404 /* AppDelegate.swift */,
				9AE402892030852800C33404 /* ListsViewController.swift */,
				9AE4028B2030852800C33404 /* ListViewController.swift */,
				9AE4028D2030852800C33404 /* Main.storyboard */,
				9AE402902030852800C33404 /* Assets.xcassets */,
				9AE402922030852800C33404 /* LaunchScreen.storyboard */,
				9AE402952030852800C33404 /* Info.plist */,
				9AE4029B2030895F00C33404 /* ListModels.swift */,
				9AE4029D20308A5D00C33404 /* ListStore.swift */,
				9AE4029F2035B2CC00C33404 /* PopupTextFieldView.swift */,
				9AC8BE53203B067600CCC7B8 /* PopupTextFieldView.xib */,
			);
			path = ListOMat;
			sourceTree = "<group>";
		};
/* End PBXGroup section */

/* Begin PBXNativeTarget section */
		9AE402832030852800C33404 /* ListOMat */ = {
			isa = PBXNativeTarget;
			buildConfigurationList = 9AE402982030852800C33404 /* Build configuration list for PBXNativeTarget "ListOMat" */;
			buildPhases = (
				9AE402802030852800C33404 /* Sources */,
				9AE402812030852800C33404 /* Frameworks */,
				9AE402822030852800C33404 /* Resources */,
			);
			buildRules = (
			);
			dependencies = (
			);
			name = ListOMat;
			productName = ListOMat;
			productReference = 9AE402842030852800C33404 /* ListOMat.app */;
			productType = "com.apple.product-type.application";
		};
/* End PBXNativeTarget section */

/* Begin PBXProject section */
		9AE4027C2030852700C33404 /* Project object */ = {
			isa = PBXProject;
			attributes = {
				LastSwiftUpdateCheck = 0920;
				LastUpgradeCheck = 0920;
				ORGANIZATIONNAME = "App-o-Mat";
				TargetAttributes = {
					9AE402832030852800C33404 = {
						CreatedOnToolsVersion = 9.2;
						LastSwiftMigration = 1010;
						ProvisioningStyle = Automatic;
					};
				};
			};
			buildConfigurationList = 9AE4027F2030852700C33404 /* Build configuration list for PBXProject "ListOMat" */;
			compatibilityVersion = "Xcode 8.0";
			developmentRegion = en;
			hasScannedForEncodings = 0;
			knownRegions = (
				en,
				Base,
			);
			mainGroup = 9AE4027B2030852700C33404;
			productRefGroup = 9AE402852030852800C33404 /* Products */;
			projectDirPath = "";
			projectRoot = "";
			targets = (
				9AE402832030852800C33404 /* ListOMat */,
			);
		};
/* End PBXProject section */

/* Begin PBXResourcesBuildPhase section */
		9AE402822030852800C33404 /* Resources */ = {
			isa = PBXResourcesBuildPhase;
			buildActionMask = 2147483647;
			files = (
				9AE402942030852800C33404 /* LaunchScreen.storyboard in Resources */,
				9AE402912030852800C33404 /* Assets.xcassets in Resources */,
				9AE4028F2030852800C33404 /* Main.storyboard in Resources */,
				9AC8BE54203B067600CCC7B8 /* PopupTextFieldView.xib in Resources */,
			);
			runOnlyForDeploymentPostprocessing = 0;
		};
/* End PBXResourcesBuildPhase section */

/* Begin PBXSourcesBuildPhase section */
		9AE402802030852800C33404 /* Sources */ = {
			isa = PBXSourcesBuildPhase;
			buildActionMask = 2147483647;
			files = (
				9AE4028C2030852800C33404 /* ListViewController.swift in Sources */,
				9AE402A02035B2CC00C33404 /* PopupTextFieldView.swift in Sources */,
				9AE4028A2030852800C33404 /* ListsViewController.swift in Sources */,
				9AE4029E20308A5D00C33404 /* ListStore.swift in Sources */,
				9AE402882030852800C33404 /* AppDelegate.swift in Sources */,
				9AE4029C2030895F00C33404 /* ListModels.swift in Sources */,
			);
			runOnlyForDeploymentPostprocessing = 0;
		};
/* End PBXSourcesBuildPhase section */

/* Begin PBXVariantGroup section */
		9AE4028D2030852800C33404 /* Main.storyboard */ = {
			isa = PBXVariantGroup;
			children = (
				9AE4028E2030852800C33404 /* Base */,
			);
			name = Main.storyboard;
			sourceTree = "<group>";
		};
		9AE402922030852800C33404 /* LaunchScreen.storyboard */ = {
			isa = PBXVariantGroup;
			children = (
				9AE402932030852800C33404 /* Base */,
			);
			name = LaunchScreen.storyboard;
			sourceTree = "<group>";
		};
/* End PBXVariantGroup section */

/* Begin XCBuildConfiguration section */
		9AE402962030852800C33404 /* Debug */ = {
			isa = XCBuildConfiguration;
			buildSettings = {
				ALWAYS_SEARCH_USER_PATHS = NO;
				CLANG_ANALYZER_NONNULL = YES;
				CLANG_ANALYZER_NUMBER_OBJECT_CONVERSION = YES_AGGRESSIVE;
				CLANG_CXX_LANGUAGE_STANDARD = "gnu++14";
				CLANG_CXX_LIBRARY = "libc++";
				CLANG_ENABLE_MODULES = YES;
				CLANG_ENABLE_OBJC_ARC = YES;
				CLANG_WARN_BLOCK_CAPTURE_AUTORELEASING = YES;
				CLANG_WARN_BOOL_CONVERSION = YES;
				CLANG_WARN_COMMA = YES;
				CLANG_WARN_CONSTANT_CONVERSION = YES;
				CLANG_WARN_DIRECT_OBJC_ISA_USAGE = YES_ERROR;
				CLANG_WARN_DOCUMENTATION_COMMENTS = YES;
				CLANG_WARN_EMPTY_BODY = YES;
				CLANG_WARN_ENUM_CONVERSION = YES;
				CLANG_WARN_INFINITE_RECURSION = YES;
				CLANG_WARN_INT_CONVERSION = YES;
				CLANG_WARN_NON_LITERAL_NULL_CONVERSION = YES;
				CLANG_WARN_OBJC_LITERAL_CONVERSION = YES;
				CLANG_WARN_OBJC_ROOT_CLASS = YES_ERROR;
				CLANG_WARN_RANGE_LOOP_ANALYSIS = YES;
				CLANG_WARN_STRICT_PROTOTYPES = YES;
				CLANG_WARN_SUSPICIOUS_MOVE = YES;
				CLANG_WARN_UNGUARDED_AVAILABILITY = YES_AGGRESSIVE;
				CLANG_WARN_UNREACHABLE_CODE = YES;
				CLANG_WARN__DUPLICATE_METHOD_MATCH = YES;
				CODE_SIGN_IDENTITY = "iPhone Developer";
				COPY_PHASE_STRIP = NO;
				DEBUG_INFORMATION_FORMAT = dwarf;
				ENABLE_STRICT_OBJC_MSGSEND = YES;
				ENABLE_TESTABILITY = YES;
				GCC_C_LANGUAGE_STANDARD = gnu11;
				GCC_DYNAMIC_NO_PIC = NO;
				GCC_NO_COMMON_BLOCKS = YES;
				GCC_OPTIMIZATION_LEVEL = 0;
				GCC_PREPROCESSOR_DEFINITIONS = (
					"DEBUG=1",
					"$(inherited)",
				);
				GCC_WARN_64_TO_32_BIT_CONVERSION = YES;
				GCC_WARN_ABOUT_RETURN_TYPE = YES_ERROR;
				GCC_WARN_UNDECLARED_SELECTOR = YES;
				GCC_WARN_UNINITIALIZED_AUTOS = YES_AGGRESSIVE;
				GCC_WARN_UNUSED_FUNCTION = YES;
				GCC_WARN_UNUSED_VARIABLE = YES;
				IPHONEOS_DEPLOYMENT_TARGET = 11.2;
				MTL_ENABLE_DEBUG_INFO = YES;
				ONLY_ACTIVE_ARCH = YES;
				SDKROOT = iphoneos;
				SWIFT_ACTIVE_COMPILATION_CONDITIONS = DEBUG;
				SWIFT_OPTIMIZATION_LEVEL = "-Onone";
			};
			name = Debug;
		};
		9AE402972030852800C33404 /* Release */ = {
			isa = XCBuildConfiguration;
			buildSettings = {
				ALWAYS_SEARCH_USER_PATHS = NO;
				CLANG_ANALYZER_NONNULL = YES;
				CLANG_ANALYZER_NUMBER_OBJECT_CONVERSION = YES_AGGRESSIVE;
				CLANG_CXX_LANGUAGE_STANDARD = "gnu++14";
				CLANG_CXX_LIBRARY = "libc++";
				CLANG_ENABLE_MODULES = YES;
				CLANG_ENABLE_OBJC_ARC = YES;
				CLANG_WARN_BLOCK_CAPTURE_AUTORELEASING = YES;
				CLANG_WARN_BOOL_CONVERSION = YES;
				CLANG_WARN_COMMA = YES;
				CLANG_WARN_CONSTANT_CONVERSION = YES;
				CLANG_WARN_DIRECT_OBJC_ISA_USAGE = YES_ERROR;
				CLANG_WARN_DOCUMENTATION_COMMENTS = YES;
				CLANG_WARN_EMPTY_BODY = YES;
				CLANG_WARN_ENUM_CONVERSION = YES;
				CLANG_WARN_INFINITE_RECURSION = YES;
				CLANG_WARN_INT_CONVERSION = YES;
				CLANG_WARN_NON_LITERAL_NULL_CONVERSION = YES;
				CLANG_WARN_OBJC_LITERAL_CONVERSION = YES;
				CLANG_WARN_OBJC_ROOT_CLASS = YES_ERROR;
				CLANG_WARN_RANGE_LOOP_ANALYSIS = YES;
				CLANG_WARN_STRICT_PROTOTYPES = YES;
				CLANG_WARN_SUSPICIOUS_MOVE = YES;
				CLANG_WARN_UNGUARDED_AVAILABILITY = YES_AGGRESSIVE;
				CLANG_WARN_UNREACHABLE_CODE = YES;
				CLANG_WARN__DUPLICATE_METHOD_MATCH = YES;
				CODE_SIGN_IDENTITY = "iPhone Developer";
				COPY_PHASE_STRIP = NO;
				DEBUG_INFORMATION_FORMAT = "dwarf-with-dsym";
				ENABLE_NS_ASSERTIONS = NO;
				ENABLE_STRICT_OBJC_MSGSEND = YES;
				GCC_C_LANGUAGE_STANDARD = gnu11;
				GCC_NO_COMMON_BLOCKS = YES;
				GCC_WARN_64_TO_32_BIT_CONVERSION = YES;
				GCC_WARN_ABOUT_RETURN_TYPE = YES_ERROR;
				GCC_WARN_UNDECLARED_SELECTOR = YES;
				GCC_WARN_UNINITIALIZED_AUTOS = YES_AGGRESSIVE;
				GCC_WARN_UNUSED_FUNCTION = YES;
				GCC_WARN_UNUSED_VARIABLE = YES;
				IPHONEOS_DEPLOYMENT_TARGET = 11.2;
				MTL_ENABLE_DEBUG_INFO = NO;
				SDKROOT = iphoneos;
				SWIFT_OPTIMIZATION_LEVEL = "-Owholemodule";
				VALIDATE_PRODUCT = YES;
			};
			name = Release;
		};
		9AE402992030852800C33404 /* Debug */ = {
			isa = XCBuildConfiguration;
			buildSettings = {
				ASSETCATALOG_COMPILER_APPICON_NAME = AppIcon;
				CODE_SIGN_STYLE = Automatic;
				DEVELOPMENT_TEAM = 85H8KB76TX;
				INFOPLIST_FILE = ListOMat/Info.plist;
				LD_RUNPATH_SEARCH_PATHS = "$(inherited) @executable_path/Frameworks";
				PRODUCT_BUNDLE_IDENTIFIER = "com.app-o-mat.ListOMat";
				PRODUCT_NAME = "$(TARGET_NAME)";
				SWIFT_VERSION = 4.2;
				TARGETED_DEVICE_FAMILY = "1,2";
			};
			name = Debug;
		};
		9AE4029A2030852800C33404 /* Release */ = {
			isa = XCBuildConfiguration;
			buildSettings = {
				ASSETCATALOG_COMPILER_APPICON_NAME = AppIcon;
				CODE_SIGN_STYLE = Automatic;
				DEVELOPMENT_TEAM = 85H8KB76TX;
				INFOPLIST_FILE = ListOMat/Info.plist;
				LD_RUNPATH_SEARCH_PATHS = "$(inherited) @executable_path/Frameworks";
				PRODUCT_BUNDLE_IDENTIFIER = "com.app-o-mat.ListOMat";
				PRODUCT_NAME = "$(TARGET_NAME)";
				SWIFT_VERSION = 4.2;
				TARGETED_DEVICE_FAMILY = "1,2";
			};
			name = Release;
		};
/* End XCBuildConfiguration section */

/* Begin XCConfigurationList section */
		9AE4027F2030852700C33404 /* Build configuration list for PBXProject "ListOMat" */ = {
			isa = XCConfigurationList;
			buildConfigurations = (
				9AE402962030852800C33404 /* Debug */,
				9AE402972030852800C33404 /* Release */,
			);
			defaultConfigurationIsVisible = 0;
			defaultConfigurationName = Release;
		};
		9AE402982030852800C33404 /* Build configuration list for PBXNativeTarget "ListOMat" */ = {
			isa = XCConfigurationList;
			buildConfigurations = (
				9AE402992030852800C33404 /* Debug */,
				9AE4029A2030852800C33404 /* Release */,
			);
			defaultConfigurationIsVisible = 0;
			defaultConfigurationName = Release;
		};
/* End XCConfigurationList section */
	};
	rootObject = 9AE4027C2030852700C33404 /* Project object */;
}
