// !$*UTF8*$!
{
	archiveVersion = 1;
	classes = {
	};
	objectVersion = 48;
	objects = {

/* Begin PBXBuildFile section */
		9A339EDF21F4D03D00E0D3A0 /* ResetListIntentHandler.swift in Sources */ = {isa = PBXBuildFile; fileRef = 9A339EDE21F4D03D00E0D3A0 /* ResetListIntentHandler.swift */; };
		9AB58DC021F3C80500A835BB /* SearchItemsIntentHandler.swift in Sources */ = {isa = PBXBuildFile; fileRef = 9AB58DBF21F3C80500A835BB /* SearchItemsIntentHandler.swift */; };
		9AB58DC321F3CCC500A835BB /* ListOMatIntents.intentdefinition in Sources */ = {isa = PBXBuildFile; fileRef = 9AB58DC121F3CCC500A835BB /* ListOMatIntents.intentdefinition */; };
		9AB58DC621F3CDE200A835BB /* ListOMatIntents.intentdefinition in Sources */ = {isa = PBXBuildFile; fileRef = 9AB58DC121F3CCC500A835BB /* ListOMatIntents.intentdefinition */; };
		9AB58DC821F3CE5000A835BB /* CopyListIntentHandler.swift in Sources */ = {isa = PBXBuildFile; fileRef = 9AB58DC721F3CE5000A835BB /* CopyListIntentHandler.swift */; };
		9AC8BE54203B067600CCC7B8 /* PopupTextFieldView.xib in Resources */ = {isa = PBXBuildFile; fileRef = 9AC8BE53203B067600CCC7B8 /* PopupTextFieldView.xib */; };
		9AD17A4721EBDF6E007E7AE2 /* IntentHandler.swift in Sources */ = {isa = PBXBuildFile; fileRef = 9AD17A4621EBDF6E007E7AE2 /* IntentHandler.swift */; };
		9AD17A4B21EBDF6E007E7AE2 /* ListOMatIntents.appex in Embed App Extensions */ = {isa = PBXBuildFile; fileRef = 9AD17A4421EBDF6E007E7AE2 /* ListOMatIntents.appex */; settings = {ATTRIBUTES = (RemoveHeadersOnCopy, ); }; };
		9AD17A5B21EE0D5C007E7AE2 /* ListStore.swift in Sources */ = {isa = PBXBuildFile; fileRef = 9AE4029D20308A5D00C33404 /* ListStore.swift */; };
		9AD17A5C21EE0D6D007E7AE2 /* ListModels.swift in Sources */ = {isa = PBXBuildFile; fileRef = 9AE4029B2030895F00C33404 /* ListModels.swift */; };
		9AD17A5E21EE0D7D007E7AE2 /* ListOMatIntentsHandler.swift in Sources */ = {isa = PBXBuildFile; fileRef = 9AD17A5D21EE0D7D007E7AE2 /* ListOMatIntentsHandler.swift */; };
		9AD17A6021EE0D92007E7AE2 /* AddItemsIntentHandler.swift in Sources */ = {isa = PBXBuildFile; fileRef = 9AD17A5F21EE0D92007E7AE2 /* AddItemsIntentHandler.swift */; };
		9AE402882030852800C33404 /* AppDelegate.swift in Sources */ = {isa = PBXBuildFile; fileRef = 9AE402872030852800C33404 /* AppDelegate.swift */; };
		9AE4028A2030852800C33404 /* ListsViewController.swift in Sources */ = {isa = PBXBuildFile; fileRef = 9AE402892030852800C33404 /* ListsViewController.swift */; };
		9AE4028C2030852800C33404 /* ListViewController.swift in Sources */ = {isa = PBXBuildFile; fileRef = 9AE4028B2030852800C33404 /* ListViewController.swift */; };
		9AE4028F2030852800C33404 /* Main.storyboard in Resources */ = {isa = PBXBuildFile; fileRef = 9AE4028D2030852800C33404 /* Main.storyboard */; };
		9AE402912030852800C33404 /* Assets.xcassets in Resources */ = {isa = PBXBuildFile; fileRef = 9AE402902030852800C33404 /* Assets.xcassets */; };
		9AE402942030852800C33404 /* LaunchScreen.storyboard in Resources */ = {isa = PBXBuildFile; fileRef = 9AE402922030852800C33404 /* LaunchScreen.storyboard */; };
		9AE4029C2030895F00C33404 /* ListModels.swift in Sources */ = {isa = PBXBuildFile; fileRef = 9AE4029B2030895F00C33404 /* ListModels.swift */; };
		9AE4029E20308A5D00C33404 /* ListStore.swift in Sources */ = {isa = PBXBuildFile; fileRef = 9AE4029D20308A5D00C33404 /* ListStore.swift */; };
		9AE402A02035B2CC00C33404 /* PopupTextFieldView.swift in Sources */ = {isa = PBXBuildFile; fileRef = 9AE4029F2035B2CC00C33404 /* PopupTextFieldView.swift */; };
/* End PBXBuildFile section */

/* Begin PBXContainerItemProxy section */
		9AD17A4921EBDF6E007E7AE2 /* PBXContainerItemProxy */ = {
			isa = PBXContainerItemProxy;
			containerPortal = 9AE4027C2030852700C33404 /* Project object */;
			proxyType = 1;
			remoteGlobalIDString = 9AD17A4321EBDF6E007E7AE2;
			remoteInfo = ListOMatIntents;
		};
/* End PBXContainerItemProxy section */

/* Begin PBXCopyFilesBuildPhase section */
		9AD17A4F21EBDF6E007E7AE2 /* Embed App Extensions */ = {
			isa = PBXCopyFilesBuildPhase;
			buildActionMask = 2147483647;
			dstPath = "";
			dstSubfolderSpec = 13;
			files = (
				9AD17A4B21EBDF6E007E7AE2 /* ListOMatIntents.appex in Embed App Extensions */,
			);
			name = "Embed App Extensions";
			runOnlyForDeploymentPostprocessing = 0;
		};
/* End PBXCopyFilesBuildPhase section */

/* Begin PBXFileReference section */
		9A339EDE21F4D03D00E0D3A0 /* ResetListIntentHandler.swift */ = {isa = PBXFileReference; lastKnownFileType = sourcecode.swift; path = ResetListIntentHandler.swift; sourceTree = "<group>"; };
		9AB58DBF21F3C80500A835BB /* SearchItemsIntentHandler.swift */ = {isa = PBXFileReference; lastKnownFileType = sourcecode.swift; path = SearchItemsIntentHandler.swift; sourceTree = "<group>"; };
		9AB58DC121F3CCC500A835BB /* ListOMatIntents.intentdefinition */ = {isa = PBXFileReference; lastKnownFileType = file.intentdefinition; path = ListOMatIntents.intentdefinition; sourceTree = "<group>"; };
		9AB58DC721F3CE5000A835BB /* CopyListIntentHandler.swift */ = {isa = PBXFileReference; lastKnownFileType = sourcecode.swift; path = CopyListIntentHandler.swift; sourceTree = "<group>"; };
		9AC8BE53203B067600CCC7B8 /* PopupTextFieldView.xib */ = {isa = PBXFileReference; lastKnownFileType = file.xib; path = PopupTextFieldView.xib; sourceTree = "<group>"; };
		9AD17A4421EBDF6E007E7AE2 /* ListOMatIntents.appex */ = {isa = PBXFileReference; explicitFileType = "wrapper.app-extension"; includeInIndex = 0; path = ListOMatIntents.appex; sourceTree = BUILT_PRODUCTS_DIR; };
		9AD17A4621EBDF6E007E7AE2 /* IntentHandler.swift */ = {isa = PBXFileReference; lastKnownFileType = sourcecode.swift; path = IntentHandler.swift; sourceTree = "<group>"; };
		9AD17A4821EBDF6E007E7AE2 /* Info.plist */ = {isa = PBXFileReference; lastKnownFileType = text.plist.xml; path = Info.plist; sourceTree = "<group>"; };
		9AD17A5021EBE078007E7AE2 /* ListOMat.entitlements */ = {isa = PBXFileReference; lastKnownFileType = text.plist.entitlements; path = ListOMat.entitlements; sourceTree = "<group>"; };
		9AD17A5121EBE0A8007E7AE2 /* ListOMatIntents.entitlements */ = {isa = PBXFileReference; lastKnownFileType = text.plist.entitlements; path = ListOMatIntents.entitlements; sourceTree = "<group>"; };
		9AD17A5D21EE0D7D007E7AE2 /* ListOMatIntentsHandler.swift */ = {isa = PBXFileReference; lastKnownFileType = sourcecode.swift; path = ListOMatIntentsHandler.swift; sourceTree = "<group>"; };
		9AD17A5F21EE0D92007E7AE2 /* AddItemsIntentHandler.swift */ = {isa = PBXFileReference; lastKnownFileType = sourcecode.swift; path = AddItemsIntentHandler.swift; sourceTree = "<group>"; };
		9AE402842030852800C33404 /* ListOMat.app */ = {isa = PBXFileReference; explicitFileType = wrapper.application; includeInIndex = 0; path = ListOMat.app; sourceTree = BUILT_PRODUCTS_DIR; };
		9AE402872030852800C33404 /* AppDelegate.swift */ = {isa = PBXFileReference; lastKnownFileType = sourcecode.swift; path = AppDelegate.swift; sourceTree = "<group>"; };
		9AE402892030852800C33404 /* ListsViewController.swift */ = {isa = PBXFileReference; lastKnownFileType = sourcecode.swift; path = ListsViewController.swift; sourceTree = "<group>"; };
		9AE4028B2030852800C33404 /* ListViewController.swift */ = {isa = PBXFileReference; lastKnownFileType = sourcecode.swift; path = ListViewController.swift; sourceTree = "<group>"; };
		9AE4028E2030852800C33404 /* Base */ = {isa = PBXFileReference; lastKnownFileType = file.storyboard; name = Base; path = Base.lproj/Main.storyboard; sourceTree = "<group>"; };
		9AE402902030852800C33404 /* Assets.xcassets */ = {isa = PBXFileReference; lastKnownFileType = folder.assetcatalog; path = Assets.xcassets; sourceTree = "<group>"; };
		9AE402932030852800C33404 /* Base */ = {isa = PBXFileReference; lastKnownFileType = file.storyboard; name = Base; path = Base.lproj/LaunchScreen.storyboard; sourceTree = "<group>"; };
		9AE402952030852800C33404 /* Info.plist */ = {isa = PBXFileReference; lastKnownFileType = text.plist.xml; path = Info.plist; sourceTree = "<group>"; };
		9AE4029B2030895F00C33404 /* ListModels.swift */ = {isa = PBXFileReference; lastKnownFileType = sourcecode.swift; path = ListModels.swift; sourceTree = "<group>"; };
		9AE4029D20308A5D00C33404 /* ListStore.swift */ = {isa = PBXFileReference; lastKnownFileType = sourcecode.swift; path = ListStore.swift; sourceTree = "<group>"; };
		9AE4029F2035B2CC00C33404 /* PopupTextFieldView.swift */ = {isa = PBXFileReference; lastKnownFileType = sourcecode.swift; path = PopupTextFieldView.swift; sourceTree = "<group>"; };
/* End PBXFileReference section */

/* Begin PBXFrameworksBuildPhase section */
		9AD17A4121EBDF6E007E7AE2 /* Frameworks */ = {
			isa = PBXFrameworksBuildPhase;
			buildActionMask = 2147483647;
			files = (
			);
			runOnlyForDeploymentPostprocessing = 0;
		};
		9AE402812030852800C33404 /* Frameworks */ = {
			isa = PBXFrameworksBuildPhase;
			buildActionMask = 2147483647;
			files = (
			);
			runOnlyForDeploymentPostprocessing = 0;
		};
/* End PBXFrameworksBuildPhase section */

/* Begin PBXGroup section */
		9AD17A4521EBDF6E007E7AE2 /* ListOMatIntents */ = {
			isa = PBXGroup;
			children = (
				9AD17A5121EBE0A8007E7AE2 /* ListOMatIntents.entitlements */,
				9AD17A4621EBDF6E007E7AE2 /* IntentHandler.swift */,
				9AD17A4821EBDF6E007E7AE2 /* Info.plist */,
				9AD17A5D21EE0D7D007E7AE2 /* ListOMatIntentsHandler.swift */,
				9AD17A5F21EE0D92007E7AE2 /* AddItemsIntentHandler.swift */,
				9AB58DBF21F3C80500A835BB /* SearchItemsIntentHandler.swift */,
				9AB58DC721F3CE5000A835BB /* CopyListIntentHandler.swift */,
				9A339EDE21F4D03D00E0D3A0 /* ResetListIntentHandler.swift */,
			);
			path = ListOMatIntents;
			sourceTree = "<group>";
		};
		9AE4027B2030852700C33404 = {
			isa = PBXGroup;
			children = (
				9AB58DC121F3CCC500A835BB /* ListOMatIntents.intentdefinition */,
				9AE402862030852800C33404 /* ListOMat */,
				9AD17A4521EBDF6E007E7AE2 /* ListOMatIntents */,
				9AE402852030852800C33404 /* Products */,
			);
			sourceTree = "<group>";
		};
		9AE402852030852800C33404 /* Products */ = {
			isa = PBXGroup;
			children = (
				9AE402842030852800C33404 /* ListOMat.app */,
				9AD17A4421EBDF6E007E7AE2 /* ListOMatIntents.appex */,
			);
			name = Products;
			sourceTree = "<group>";
		};
		9AE402862030852800C33404 /* ListOMat */ = {
			isa = PBXGroup;
			children = (
				9AD17A5021EBE078007E7AE2 /* ListOMat.entitlements */,
				9AE402872030852800C33404 /* AppDelegate.swift */,
				9AE402892030852800C33404 /* ListsViewController.swift */,
				9AE4028B2030852800C33404 /* ListViewController.swift */,
				9AE4028D2030852800C33404 /* Main.storyboard */,
				9AE402902030852800C33404 /* Assets.xcassets */,
				9AE402922030852800C33404 /* LaunchScreen.storyboard */,
				9AE402952030852800C33404 /* Info.plist */,
				9AE4029B2030895F00C33404 /* ListModels.swift */,
				9AE4029D20308A5D00C33404 /* ListStore.swift */,
				9AE4029F2035B2CC00C33404 /* PopupTextFieldView.swift */,
				9AC8BE53203B067600CCC7B8 /* PopupTextFieldView.xib */,
			);
			path = ListOMat;
			sourceTree = "<group>";
		};
/* End PBXGroup section */

/* Begin PBXNativeTarget section */
		9AD17A4321EBDF6E007E7AE2 /* ListOMatIntents */ = {
			isa = PBXNativeTarget;
			buildConfigurationList = 9AD17A4C21EBDF6E007E7AE2 /* Build configuration list for PBXNativeTarget "ListOMatIntents" */;
			buildPhases = (
				9AD17A4021EBDF6E007E7AE2 /* Sources */,
				9AD17A4121EBDF6E007E7AE2 /* Frameworks */,
				9AD17A4221EBDF6E007E7AE2 /* Resources */,
			);
			buildRules = (
			);
			dependencies = (
			);
			name = ListOMatIntents;
			productName = ListOMatIntents;
			productReference = 9AD17A4421EBDF6E007E7AE2 /* ListOMatIntents.appex */;
			productType = "com.apple.product-type.app-extension";
		};
		9AE402832030852800C33404 /* ListOMat */ = {
			isa = PBXNativeTarget;
			buildConfigurationList = 9AE402982030852800C33404 /* Build configuration list for PBXNativeTarget "ListOMat" */;
			buildPhases = (
				9AE402802030852800C33404 /* Sources */,
				9AE402812030852800C33404 /* Frameworks */,
				9AE402822030852800C33404 /* Resources */,
				9AD17A4F21EBDF6E007E7AE2 /* Embed App Extensions */,
			);
			buildRules = (
			);
			dependencies = (
				9AD17A4A21EBDF6E007E7AE2 /* PBXTargetDependency */,
			);
			name = ListOMat;
			productName = ListOMat;
			productReference = 9AE402842030852800C33404 /* ListOMat.app */;
			productType = "com.apple.product-type.application";
		};
/* End PBXNativeTarget section */

/* Begin PBXProject section */
		9AE4027C2030852700C33404 /* Project object */ = {
			isa = PBXProject;
			attributes = {
				LastSwiftUpdateCheck = 1010;
				LastUpgradeCheck = 1010;
				ORGANIZATIONNAME = "App-o-Mat";
				TargetAttributes = {
					9AD17A4321EBDF6E007E7AE2 = {
						CreatedOnToolsVersion = 10.1;
						ProvisioningStyle = Automatic;
						SystemCapabilities = {
							com.apple.ApplicationGroups.iOS = {
								enabled = 1;
							};
						};
					};
					9AE402832030852800C33404 = {
						CreatedOnToolsVersion = 9.2;
						LastSwiftMigration = 1010;
						ProvisioningStyle = Automatic;
						SystemCapabilities = {
							com.apple.ApplicationGroups.iOS = {
								enabled = 1;
							};
							com.apple.Siri = {
								enabled = 1;
							};
						};
					};
				};
			};
			buildConfigurationList = 9AE4027F2030852700C33404 /* Build configuration list for PBXProject "ListOMat" */;
			compatibilityVersion = "Xcode 8.0";
			developmentRegion = en;
			hasScannedForEncodings = 0;
			knownRegions = (
				en,
				Base,
			);
			mainGroup = 9AE4027B2030852700C33404;
			productRefGroup = 9AE402852030852800C33404 /* Products */;
			projectDirPath = "";
			projectRoot = "";
			targets = (
				9AE402832030852800C33404 /* ListOMat */,
				9AD17A4321EBDF6E007E7AE2 /* ListOMatIntents */,
			);
		};
/* End PBXProject section */

/* Begin PBXResourcesBuildPhase section */
		9AD17A4221EBDF6E007E7AE2 /* Resources */ = {
			isa = PBXResourcesBuildPhase;
			buildActionMask = 2147483647;
			files = (
			);
			runOnlyForDeploymentPostprocessing = 0;
		};
		9AE402822030852800C33404 /* Resources */ = {
			isa = PBXResourcesBuildPhase;
			buildActionMask = 2147483647;
			files = (
				9AE402942030852800C33404 /* LaunchScreen.storyboard in Resources */,
				9AE402912030852800C33404 /* Assets.xcassets in Resources */,
				9AE4028F2030852800C33404 /* Main.storyboard in Resources */,
				9AC8BE54203B067600CCC7B8 /* PopupTextFieldView.xib in Resources */,
			);
			runOnlyForDeploymentPostprocessing = 0;
		};
/* End PBXResourcesBuildPhase section */

/* Begin PBXSourcesBuildPhase section */
		9AD17A4021EBDF6E007E7AE2 /* Sources */ = {
			isa = PBXSourcesBuildPhase;
			buildActionMask = 2147483647;
			files = (
				9AB58DC321F3CCC500A835BB /* ListOMatIntents.intentdefinition in Sources */,
				9A339EDF21F4D03D00E0D3A0 /* ResetListIntentHandler.swift in Sources */,
				9AD17A5C21EE0D6D007E7AE2 /* ListModels.swift in Sources */,
				9AB58DC021F3C80500A835BB /* SearchItemsIntentHandler.swift in Sources */,
				9AD17A4721EBDF6E007E7AE2 /* IntentHandler.swift in Sources */,
				9AD17A6021EE0D92007E7AE2 /* AddItemsIntentHandler.swift in Sources */,
				9AB58DC821F3CE5000A835BB /* CopyListIntentHandler.swift in Sources */,
				9AD17A5B21EE0D5C007E7AE2 /* ListStore.swift in Sources */,
				9AD17A5E21EE0D7D007E7AE2 /* ListOMatIntentsHandler.swift in Sources */,
			);
			runOnlyForDeploymentPostprocessing = 0;
		};
		9AE402802030852800C33404 /* Sources */ = {
			isa = PBXSourcesBuildPhase;
			buildActionMask = 2147483647;
			files = (
				9AB58DC621F3CDE200A835BB /* ListOMatIntents.intentdefinition in Sources */,
				9AE4028C2030852800C33404 /* ListViewController.swift in Sources */,
				9AE402A02035B2CC00C33404 /* PopupTextFieldView.swift in Sources */,
				9AE4028A2030852800C33404 /* ListsViewController.swift in Sources */,
				9AE4029E20308A5D00C33404 /* ListStore.swift in Sources */,
				9AE402882030852800C33404 /* AppDelegate.swift in Sources */,
				9AE4029C2030895F00C33404 /* ListModels.swift in Sources */,
			);
			runOnlyForDeploymentPostprocessing = 0;
		};
/* End PBXSourcesBuildPhase section */

/* Begin PBXTargetDependency section */
		9AD17A4A21EBDF6E007E7AE2 /* PBXTargetDependency */ = {
			isa = PBXTargetDependency;
			target = 9AD17A4321EBDF6E007E7AE2 /* ListOMatIntents */;
			targetProxy = 9AD17A4921EBDF6E007E7AE2 /* PBXContainerItemProxy */;
		};
/* End PBXTargetDependency section */

/* Begin PBXVariantGroup section */
		9AE4028D2030852800C33404 /* Main.storyboard */ = {
			isa = PBXVariantGroup;
			children = (
				9AE4028E2030852800C33404 /* Base */,
			);
			name = Main.storyboard;
			sourceTree = "<group>";
		};
		9AE402922030852800C33404 /* LaunchScreen.storyboard */ = {
			isa = PBXVariantGroup;
			children = (
				9AE402932030852800C33404 /* Base */,
			);
			name = LaunchScreen.storyboard;
			sourceTree = "<group>";
		};
/* End PBXVariantGroup section */

/* Begin XCBuildConfiguration section */
		9AD17A4D21EBDF6E007E7AE2 /* Debug */ = {
			isa = XCBuildConfiguration;
			buildSettings = {
				CLANG_ENABLE_OBJC_WEAK = YES;
				CODE_SIGN_ENTITLEMENTS = ListOMatIntents/ListOMatIntents.entitlements;
				CODE_SIGN_STYLE = Automatic;
				DEVELOPMENT_TEAM = 85H8KB76TX;
				INFOPLIST_FILE = ListOMatIntents/Info.plist;
				IPHONEOS_DEPLOYMENT_TARGET = 12.1;
				LD_RUNPATH_SEARCH_PATHS = "$(inherited) @executable_path/Frameworks @executable_path/../../Frameworks";
				MTL_ENABLE_DEBUG_INFO = INCLUDE_SOURCE;
				MTL_FAST_MATH = YES;
				PRODUCT_BUNDLE_IDENTIFIER = com.loufranco.ListOMat.ListOMatIntents;
				PRODUCT_NAME = "$(TARGET_NAME)";
				SKIP_INSTALL = YES;
				SWIFT_VERSION = 4.2;
				TARGETED_DEVICE_FAMILY = "1,2";
			};
			name = Debug;
		};
		9AD17A4E21EBDF6E007E7AE2 /* Release */ = {
			isa = XCBuildConfiguration;
			buildSettings = {
				CLANG_ENABLE_OBJC_WEAK = YES;
				CODE_SIGN_ENTITLEMENTS = ListOMatIntents/ListOMatIntents.entitlements;
				CODE_SIGN_STYLE = Automatic;
				DEVELOPMENT_TEAM = 85H8KB76TX;
				INFOPLIST_FILE = ListOMatIntents/Info.plist;
				IPHONEOS_DEPLOYMENT_TARGET = 12.1;
				LD_RUNPATH_SEARCH_PATHS = "$(inherited) @executable_path/Frameworks @executable_path/../../Frameworks";
				MTL_FAST_MATH = YES;
				PRODUCT_BUNDLE_IDENTIFIER = com.loufranco.ListOMat.ListOMatIntents;
				PRODUCT_NAME = "$(TARGET_NAME)";
				SKIP_INSTALL = YES;
				SWIFT_VERSION = 4.2;
				TARGETED_DEVICE_FAMILY = "1,2";
			};
			name = Release;
		};
		9AE402962030852800C33404 /* Debug */ = {
			isa = XCBuildConfiguration;
			buildSettings = {
				ALWAYS_SEARCH_USER_PATHS = NO;
				CLANG_ANALYZER_NONNULL = YES;
				CLANG_ANALYZER_NUMBER_OBJECT_CONVERSION = YES_AGGRESSIVE;
				CLANG_CXX_LANGUAGE_STANDARD = "gnu++14";
				CLANG_CXX_LIBRARY = "libc++";
				CLANG_ENABLE_MODULES = YES;
				CLANG_ENABLE_OBJC_ARC = YES;
				CLANG_WARN_BLOCK_CAPTURE_AUTORELEASING = YES;
				CLANG_WARN_BOOL_CONVERSION = YES;
				CLANG_WARN_COMMA = YES;
				CLANG_WARN_CONSTANT_CONVERSION = YES;
				CLANG_WARN_DEPRECATED_OBJC_IMPLEMENTATIONS = YES;
				CLANG_WARN_DIRECT_OBJC_ISA_USAGE = YES_ERROR;
				CLANG_WARN_DOCUMENTATION_COMMENTS = YES;
				CLANG_WARN_EMPTY_BODY = YES;
				CLANG_WARN_ENUM_CONVERSION = YES;
				CLANG_WARN_INFINITE_RECURSION = YES;
				CLANG_WARN_INT_CONVERSION = YES;
				CLANG_WARN_NON_LITERAL_NULL_CONVERSION = YES;
				CLANG_WARN_OBJC_IMPLICIT_RETAIN_SELF = YES;
				CLANG_WARN_OBJC_LITERAL_CONVERSION = YES;
				CLANG_WARN_OBJC_ROOT_CLASS = YES_ERROR;
				CLANG_WARN_RANGE_LOOP_ANALYSIS = YES;
				CLANG_WARN_STRICT_PROTOTYPES = YES;
				CLANG_WARN_SUSPICIOUS_MOVE = YES;
				CLANG_WARN_UNGUARDED_AVAILABILITY = YES_AGGRESSIVE;
				CLANG_WARN_UNREACHABLE_CODE = YES;
				CLANG_WARN__DUPLICATE_METHOD_MATCH = YES;
				CODE_SIGN_IDENTITY = "iPhone Developer";
				COPY_PHASE_STRIP = NO;
				DEBUG_INFORMATION_FORMAT = dwarf;
				ENABLE_STRICT_OBJC_MSGSEND = YES;
				ENABLE_TESTABILITY = YES;
				GCC_C_LANGUAGE_STANDARD = gnu11;
				GCC_DYNAMIC_NO_PIC = NO;
				GCC_NO_COMMON_BLOCKS = YES;
				GCC_OPTIMIZATION_LEVEL = 0;
				GCC_PREPROCESSOR_DEFINITIONS = (
					"DEBUG=1",
					"$(inherited)",
				);
				GCC_WARN_64_TO_32_BIT_CONVERSION = YES;
				GCC_WARN_ABOUT_RETURN_TYPE = YES_ERROR;
				GCC_WARN_UNDECLARED_SELECTOR = YES;
				GCC_WARN_UNINITIALIZED_AUTOS = YES_AGGRESSIVE;
				GCC_WARN_UNUSED_FUNCTION = YES;
				GCC_WARN_UNUSED_VARIABLE = YES;
				IPHONEOS_DEPLOYMENT_TARGET = 11.2;
				MTL_ENABLE_DEBUG_INFO = YES;
				ONLY_ACTIVE_ARCH = YES;
				SDKROOT = iphoneos;
				SWIFT_ACTIVE_COMPILATION_CONDITIONS = DEBUG;
				SWIFT_OPTIMIZATION_LEVEL = "-Onone";
			};
			name = Debug;
		};
		9AE402972030852800C33404 /* Release */ = {
			isa = XCBuildConfiguration;
			buildSettings = {
				ALWAYS_SEARCH_USER_PATHS = NO;
				CLANG_ANALYZER_NONNULL = YES;
				CLANG_ANALYZER_NUMBER_OBJECT_CONVERSION = YES_AGGRESSIVE;
				CLANG_CXX_LANGUAGE_STANDARD = "gnu++14";
				CLANG_CXX_LIBRARY = "libc++";
				CLANG_ENABLE_MODULES = YES;
				CLANG_ENABLE_OBJC_ARC = YES;
				CLANG_WARN_BLOCK_CAPTURE_AUTORELEASING = YES;
				CLANG_WARN_BOOL_CONVERSION = YES;
				CLANG_WARN_COMMA = YES;
				CLANG_WARN_CONSTANT_CONVERSION = YES;
				CLANG_WARN_DEPRECATED_OBJC_IMPLEMENTATIONS = YES;
				CLANG_WARN_DIRECT_OBJC_ISA_USAGE = YES_ERROR;
				CLANG_WARN_DOCUMENTATION_COMMENTS = YES;
				CLANG_WARN_EMPTY_BODY = YES;
				CLANG_WARN_ENUM_CONVERSION = YES;
				CLANG_WARN_INFINITE_RECURSION = YES;
				CLANG_WARN_INT_CONVERSION = YES;
				CLANG_WARN_NON_LITERAL_NULL_CONVERSION = YES;
				CLANG_WARN_OBJC_IMPLICIT_RETAIN_SELF = YES;
				CLANG_WARN_OBJC_LITERAL_CONVERSION = YES;
				CLANG_WARN_OBJC_ROOT_CLASS = YES_ERROR;
				CLANG_WARN_RANGE_LOOP_ANALYSIS = YES;
				CLANG_WARN_STRICT_PROTOTYPES = YES;
				CLANG_WARN_SUSPICIOUS_MOVE = YES;
				CLANG_WARN_UNGUARDED_AVAILABILITY = YES_AGGRESSIVE;
				CLANG_WARN_UNREACHABLE_CODE = YES;
				CLANG_WARN__DUPLICATE_METHOD_MATCH = YES;
				CODE_SIGN_IDENTITY = "iPhone Developer";
				COPY_PHASE_STRIP = NO;
				DEBUG_INFORMATION_FORMAT = "dwarf-with-dsym";
				ENABLE_NS_ASSERTIONS = NO;
				ENABLE_STRICT_OBJC_MSGSEND = YES;
				GCC_C_LANGUAGE_STANDARD = gnu11;
				GCC_NO_COMMON_BLOCKS = YES;
				GCC_WARN_64_TO_32_BIT_CONVERSION = YES;
				GCC_WARN_ABOUT_RETURN_TYPE = YES_ERROR;
				GCC_WARN_UNDECLARED_SELECTOR = YES;
				GCC_WARN_UNINITIALIZED_AUTOS = YES_AGGRESSIVE;
				GCC_WARN_UNUSED_FUNCTION = YES;
				GCC_WARN_UNUSED_VARIABLE = YES;
				IPHONEOS_DEPLOYMENT_TARGET = 11.2;
				MTL_ENABLE_DEBUG_INFO = NO;
				SDKROOT = iphoneos;
				SWIFT_OPTIMIZATION_LEVEL = "-Owholemodule";
				VALIDATE_PRODUCT = YES;
			};
			name = Release;
		};
		9AE402992030852800C33404 /* Debug */ = {
			isa = XCBuildConfiguration;
			buildSettings = {
				ALWAYS_EMBED_SWIFT_STANDARD_LIBRARIES = YES;
				ASSETCATALOG_COMPILER_APPICON_NAME = AppIcon;
				CODE_SIGN_ENTITLEMENTS = ListOMat/ListOMat.entitlements;
				CODE_SIGN_STYLE = Automatic;
				DEVELOPMENT_TEAM = 85H8KB76TX;
				INFOPLIST_FILE = ListOMat/Info.plist;
				LD_RUNPATH_SEARCH_PATHS = "$(inherited) @executable_path/Frameworks";
				PRODUCT_BUNDLE_IDENTIFIER = com.loufranco.ListOMat;
				PRODUCT_NAME = "$(TARGET_NAME)";
				SWIFT_VERSION = 4.2;
				TARGETED_DEVICE_FAMILY = "1,2";
			};
			name = Debug;
		};
		9AE4029A2030852800C33404 /* Release */ = {
			isa = XCBuildConfiguration;
			buildSettings = {
				ALWAYS_EMBED_SWIFT_STANDARD_LIBRARIES = YES;
				ASSETCATALOG_COMPILER_APPICON_NAME = AppIcon;
				CODE_SIGN_ENTITLEMENTS = ListOMat/ListOMat.entitlements;
				CODE_SIGN_STYLE = Automatic;
				DEVELOPMENT_TEAM = 85H8KB76TX;
				INFOPLIST_FILE = ListOMat/Info.plist;
				LD_RUNPATH_SEARCH_PATHS = "$(inherited) @executable_path/Frameworks";
				PRODUCT_BUNDLE_IDENTIFIER = com.loufranco.ListOMat;
				PRODUCT_NAME = "$(TARGET_NAME)";
				SWIFT_VERSION = 4.2;
				TARGETED_DEVICE_FAMILY = "1,2";
			};
			name = Release;
		};
/* End XCBuildConfiguration section */

/* Begin XCConfigurationList section */
		9AD17A4C21EBDF6E007E7AE2 /* Build configuration list for PBXNativeTarget "ListOMatIntents" */ = {
			isa = XCConfigurationList;
			buildConfigurations = (
				9AD17A4D21EBDF6E007E7AE2 /* Debug */,
				9AD17A4E21EBDF6E007E7AE2 /* Release */,
			);
			defaultConfigurationIsVisible = 0;
			defaultConfigurationName = Release;
		};
		9AE4027F2030852700C33404 /* Build configuration list for PBXProject "ListOMat" */ = {
			isa = XCConfigurationList;
			buildConfigurations = (
				9AE402962030852800C33404 /* Debug */,
				9AE402972030852800C33404 /* Release */,
			);
			defaultConfigurationIsVisible = 0;
			defaultConfigurationName = Release;
		};
		9AE402982030852800C33404 /* Build configuration list for PBXNativeTarget "ListOMat" */ = {
			isa = XCConfigurationList;
			buildConfigurations = (
				9AE402992030852800C33404 /* Debug */,
				9AE4029A2030852800C33404 /* Release */,
			);
			defaultConfigurationIsVisible = 0;
			defaultConfigurationName = Release;
		};
/* End XCConfigurationList section */
	};
	rootObject = 9AE4027C2030852700C33404 /* Project object */;
}
